# THIS IS AN AUTOGENERATED FILE. DO NOT EDIT THIS FILE DIRECTLY.
# yarn lockfile v1


retypeapp@^1.9.0:
  version "1.9.0"
  resolved "https://registry.yarnpkg.com/retypeapp/-/retypeapp-1.9.0.tgz#3498d4aa13b30de3e77de335a8be1bcf9e34532d"
  integrity sha512-Xy7rylA4ODlnOThQI01OUKsYvhmEDQbgT5bWKEd8mNX7eCygfIHO5fzsJ5UlPFuEXoNNfdeqPO/LQgh5ORFhEA==
